{
  "object": {
    "pins": [
      {
        "package": "SnapKit",
        "repositoryURL": "https://github.com/SnapKit/SnapKit.git",
        "state": {
          "branch": null,
          "revision": "d458564516e5676af9c70b4f4b2a9178294f1bc6",
          "version": "5.0.1"
        }
      },
      {
        "package": "SwiftBrick",
        "repositoryURL": "https://github.com/jackiehu/SwiftBrick.git",
        "state": {
          "branch": null,
          "revision": "38c39de6eed703f1560927cd884e89233af3d089",
          "version": "1.8.8"
        }
      },
      {
        "package": "SwiftMediator",
        "repositoryURL": "https://github.com/jackiehu/SwiftMediator.git",
        "state": {
          "branch": null,
          "revision": "8d078c83ca6ab62ee6b0ae786d0160445da6315f",
          "version": "1.1.0"
        }
      }
    ]
  },
  "version": 1
}
